// !$*UTF8*$!
{
	archiveVersion = 1;
	classes = {
	};
	objectVersion = 48;
	objects = {

/* Begin PBXBuildFile section */
		A8A76FE81FDFAF3700CD1A89 /* AppDelegate.swift in Sources */ = {isa = PBXBuildFile; fileRef = A8A76FE71FDFAF3700CD1A89 /* AppDelegate.swift */; };
		A8A76FEA1FDFAF3700CD1A89 /* ViewController.swift in Sources */ = {isa = PBXBuildFile; fileRef = A8A76FE91FDFAF3700CD1A89 /* ViewController.swift */; };
		A8A76FED1FDFAF3700CD1A89 /* Main.storyboard in Resources */ = {isa = PBXBuildFile; fileRef = A8A76FEB1FDFAF3700CD1A89 /* Main.storyboard */; };
		A8A76FEF1FDFAF3700CD1A89 /* Assets.xcassets in Resources */ = {isa = PBXBuildFile; fileRef = A8A76FEE1FDFAF3700CD1A89 /* Assets.xcassets */; };
		A8A76FF21FDFAF3800CD1A89 /* LaunchScreen.storyboard in Resources */ = {isa = PBXBuildFile; fileRef = A8A76FF01FDFAF3800CD1A89 /* LaunchScreen.storyboard */; };
		A8A76FFD1FDFAF3800CD1A89 /* MyAppTests.swift in Sources */ = {isa = PBXBuildFile; fileRef = A8A76FFC1FDFAF3800CD1A89 /* MyAppTests.swift */; };
		A8A770081FDFAF3800CD1A89 /* MyAppUITests.swift in Sources */ = {isa = PBXBuildFile; fileRef = A8A770071FDFAF3800CD1A89 /* MyAppUITests.swift */; };
/* End PBXBuildFile section */

/* Begin PBXContainerItemProxy section */
		A8A76FF91FDFAF3800CD1A89 /* PBXContainerItemProxy */ = {
			isa = PBXContainerItemProxy;
			containerPortal = A8A76FDC1FDFAF3700CD1A89 /* Project object */;
			proxyType = 1;
			remoteGlobalIDString = A8A76FE31FDFAF3700CD1A89;
			remoteInfo = MyApp;
		};
		A8A770041FDFAF3800CD1A89 /* PBXContainerItemProxy */ = {
			isa = PBXContainerItemProxy;
			containerPortal = A8A76FDC1FDFAF3700CD1A89 /* Project object */;
			proxyType = 1;
			remoteGlobalIDString = A8A76FE31FDFAF3700CD1A89;
			remoteInfo = MyApp;
		};
/* End PBXContainerItemProxy section */

/* Begin PBXFileReference section */
		A8A76FE41FDFAF3700CD1A89 /* MyApp.app */ = {isa = PBXFileReference; explicitFileType = wrapper.application; includeInIndex = 0; path = MyApp.app; sourceTree = BUILT_PRODUCTS_DIR; };
		A8A76FE71FDFAF3700CD1A89 /* AppDelegate.swift */ = {isa = PBXFileReference; lastKnownFileType = sourcecode.swift; path = AppDelegate.swift; sourceTree = "<group>"; };
		A8A76FE91FDFAF3700CD1A89 /* ViewController.swift */ = {isa = PBXFileReference; lastKnownFileType = sourcecode.swift; path = ViewController.swift; sourceTree = "<group>"; };
		A8A76FEC1FDFAF3700CD1A89 /* Base */ = {isa = PBXFileReference; lastKnownFileType = file.storyboard; name = Base; path = Base.lproj/Main.storyboard; sourceTree = "<group>"; };
		A8A76FEE1FDFAF3700CD1A89 /* Assets.xcassets */ = {isa = PBXFileReference; lastKnownFileType = folder.assetcatalog; path = Assets.xcassets; sourceTree = "<group>"; };
		A8A76FF11FDFAF3800CD1A89 /* Base */ = {isa = PBXFileReference; lastKnownFileType = file.storyboard; name = Base; path = Base.lproj/LaunchScreen.storyboard; sourceTree = "<group>"; };
		A8A76FF31FDFAF3800CD1A89 /* Info.plist */ = {isa = PBXFileReference; lastKnownFileType = text.plist.xml; path = Info.plist; sourceTree = "<group>"; };
		A8A76FF81FDFAF3800CD1A89 /* MyAppTests.xctest */ = {isa = PBXFileReference; explicitFileType = wrapper.cfbundle; includeInIndex = 0; path = MyAppTests.xctest; sourceTree = BUILT_PRODUCTS_DIR; };
		A8A76FFC1FDFAF3800CD1A89 /* MyAppTests.swift */ = {isa = PBXFileReference; lastKnownFileType = sourcecode.swift; path = MyAppTests.swift; sourceTree = "<group>"; };
		A8A76FFE1FDFAF3800CD1A89 /* Info.plist */ = {isa = PBXFileReference; lastKnownFileType = text.plist.xml; path = Info.plist; sourceTree = "<group>"; };
		A8A770031FDFAF3800CD1A89 /* MyAppUITests.xctest */ = {isa = PBXFileReference; explicitFileType = wrapper.cfbundle; includeInIndex = 0; path = MyAppUITests.xctest; sourceTree = BUILT_PRODUCTS_DIR; };
		A8A770071FDFAF3800CD1A89 /* MyAppUITests.swift */ = {isa = PBXFileReference; lastKnownFileType = sourcecode.swift; path = MyAppUITests.swift; sourceTree = "<group>"; };
		A8A770091FDFAF3800CD1A89 /* Info.plist */ = {isa = PBXFileReference; lastKnownFileType = text.plist.xml; path = Info.plist; sourceTree = "<group>"; };
/* End PBXFileReference section */

/* Begin PBXFrameworksBuildPhase section */
		A8A76FE11FDFAF3700CD1A89 /* Frameworks */ = {
			isa = PBXFrameworksBuildPhase;
			buildActionMask = 2147483647;
			files = (
			);
			runOnlyForDeploymentPostprocessing = 0;
		};
		A8A76FF51FDFAF3800CD1A89 /* Frameworks */ = {
			isa = PBXFrameworksBuildPhase;
			buildActionMask = 2147483647;
			files = (
			);
			runOnlyForDeploymentPostprocessing = 0;
		};
		A8A770001FDFAF3800CD1A89 /* Frameworks */ = {
			isa = PBXFrameworksBuildPhase;
			buildActionMask = 2147483647;
			files = (
			);
			runOnlyForDeploymentPostprocessing = 0;
		};
/* End PBXFrameworksBuildPhase section */

/* Begin PBXGroup section */
		A8A76FDB1FDFAF3700CD1A89 = {
			isa = PBXGroup;
			children = (
				A8A76FE61FDFAF3700CD1A89 /* MyApp */,
				A8A76FFB1FDFAF3800CD1A89 /* MyAppTests */,
				A8A770061FDFAF3800CD1A89 /* MyAppUITests */,
				A8A76FE51FDFAF3700CD1A89 /* Products */,
			);
			sourceTree = "<group>";
		};
		A8A76FE51FDFAF3700CD1A89 /* Products */ = {
			isa = PBXGroup;
			children = (
				A8A76FE41FDFAF3700CD1A89 /* MyApp.app */,
				A8A76FF81FDFAF3800CD1A89 /* MyAppTests.xctest */,
				A8A770031FDFAF3800CD1A89 /* MyAppUITests.xctest */,
			);
			name = Products;
			sourceTree = "<group>";
		};
		A8A76FE61FDFAF3700CD1A89 /* MyApp */ = {
			isa = PBXGroup;
			children = (
				A8A76FE71FDFAF3700CD1A89 /* AppDelegate.swift */,
				A8A76FE91FDFAF3700CD1A89 /* ViewController.swift */,
				A8A76FEB1FDFAF3700CD1A89 /* Main.storyboard */,
				A8A76FEE1FDFAF3700CD1A89 /* Assets.xcassets */,
				A8A76FF01FDFAF3800CD1A89 /* LaunchScreen.storyboard */,
				A8A76FF31FDFAF3800CD1A89 /* Info.plist */,
			);
			path = MyApp;
			sourceTree = "<group>";
		};
		A8A76FFB1FDFAF3800CD1A89 /* MyAppTests */ = {
			isa = PBXGroup;
			children = (
				A8A76FFC1FDFAF3800CD1A89 /* MyAppTests.swift */,
				A8A76FFE1FDFAF3800CD1A89 /* Info.plist */,
			);
			path = MyAppTests;
			sourceTree = "<group>";
		};
		A8A770061FDFAF3800CD1A89 /* MyAppUITests */ = {
			isa = PBXGroup;
			children = (
				A8A770071FDFAF3800CD1A89 /* MyAppUITests.swift */,
				A8A770091FDFAF3800CD1A89 /* Info.plist */,
			);
			path = MyAppUITests;
			sourceTree = "<group>";
		};
/* End PBXGroup section */

/* Begin PBXNativeTarget section */
		A8A76FE31FDFAF3700CD1A89 /* MyApp */ = {
			isa = PBXNativeTarget;
			buildConfigurationList = A8A7700C1FDFAF3800CD1A89 /* Build configuration list for PBXNativeTarget "MyApp" */;
			buildPhases = (
				A8A76FE01FDFAF3700CD1A89 /* Sources */,
				A8A76FE11FDFAF3700CD1A89 /* Frameworks */,
				A8A76FE21FDFAF3700CD1A89 /* Resources */,
			);
			buildRules = (
			);
			dependencies = (
			);
			name = MyApp;
			productName = MyApp;
			productReference = A8A76FE41FDFAF3700CD1A89 /* MyApp.app */;
			productType = "com.apple.product-type.application";
		};
		A8A76FF71FDFAF3800CD1A89 /* MyAppTests */ = {
			isa = PBXNativeTarget;
			buildConfigurationList = A8A7700F1FDFAF3800CD1A89 /* Build configuration list for PBXNativeTarget "MyAppTests" */;
			buildPhases = (
				A8A76FF41FDFAF3800CD1A89 /* Sources */,
				A8A76FF51FDFAF3800CD1A89 /* Frameworks */,
				A8A76FF61FDFAF3800CD1A89 /* Resources */,
			);
			buildRules = (
			);
			dependencies = (
				A8A76FFA1FDFAF3800CD1A89 /* PBXTargetDependency */,
			);
			name = MyAppTests;
			productName = MyAppTests;
			productReference = A8A76FF81FDFAF3800CD1A89 /* MyAppTests.xctest */;
			productType = "com.apple.product-type.bundle.unit-test";
		};
		A8A770021FDFAF3800CD1A89 /* MyAppUITests */ = {
			isa = PBXNativeTarget;
			buildConfigurationList = A8A770121FDFAF3800CD1A89 /* Build configuration list for PBXNativeTarget "MyAppUITests" */;
			buildPhases = (
				A8A76FFF1FDFAF3800CD1A89 /* Sources */,
				A8A770001FDFAF3800CD1A89 /* Frameworks */,
				A8A770011FDFAF3800CD1A89 /* Resources */,
			);
			buildRules = (
			);
			dependencies = (
				A8A770051FDFAF3800CD1A89 /* PBXTargetDependency */,
			);
			name = MyAppUITests;
			productName = MyAppUITests;
			productReference = A8A770031FDFAF3800CD1A89 /* MyAppUITests.xctest */;
			productType = "com.apple.product-type.bundle.ui-testing";
		};
/* End PBXNativeTarget section */

/* Begin PBXProject section */
		A8A76FDC1FDFAF3700CD1A89 /* Project object */ = {
			isa = PBXProject;
			attributes = {
				LastSwiftUpdateCheck = 0910;
				LastUpgradeCheck = 0910;
				ORGANIZATIONNAME = "Matt Deuschle";
				TargetAttributes = {
					A8A76FE31FDFAF3700CD1A89 = {
						CreatedOnToolsVersion = 9.1;
						ProvisioningStyle = Automatic;
					};
					A8A76FF71FDFAF3800CD1A89 = {
						CreatedOnToolsVersion = 9.1;
						ProvisioningStyle = Automatic;
						TestTargetID = A8A76FE31FDFAF3700CD1A89;
					};
					A8A770021FDFAF3800CD1A89 = {
						CreatedOnToolsVersion = 9.1;
						ProvisioningStyle = Automatic;
						TestTargetID = A8A76FE31FDFAF3700CD1A89;
					};
				};
			};
			buildConfigurationList = A8A76FDF1FDFAF3700CD1A89 /* Build configuration list for PBXProject "MyApp" */;
			compatibilityVersion = "Xcode 8.0";
			developmentRegion = en;
			hasScannedForEncodings = 0;
			knownRegions = (
				en,
				Base,
			);
			mainGroup = A8A76FDB1FDFAF3700CD1A89;
			productRefGroup = A8A76FE51FDFAF3700CD1A89 /* Products */;
			projectDirPath = "";
			projectRoot = "";
			targets = (
				A8A76FE31FDFAF3700CD1A89 /* MyApp */,
				A8A76FF71FDFAF3800CD1A89 /* MyAppTests */,
				A8A770021FDFAF3800CD1A89 /* MyAppUITests */,
			);
		};
/* End PBXProject section */

/* Begin PBXResourcesBuildPhase section */
		A8A76FE21FDFAF3700CD1A89 /* Resources */ = {
			isa = PBXResourcesBuildPhase;
			buildActionMask = 2147483647;
			files = (
				A8A76FF21FDFAF3800CD1A89 /* LaunchScreen.storyboard in Resources */,
				A8A76FEF1FDFAF3700CD1A89 /* Assets.xcassets in Resources */,
				A8A76FED1FDFAF3700CD1A89 /* Main.storyboard in Resources */,
			);
			runOnlyForDeploymentPostprocessing = 0;
		};
		A8A76FF61FDFAF3800CD1A89 /* Resources */ = {
			isa = PBXResourcesBuildPhase;
			buildActionMask = 2147483647;
			files = (
			);
			runOnlyForDeploymentPostprocessing = 0;
		};
		A8A770011FDFAF3800CD1A89 /* Resources */ = {
			isa = PBXResourcesBuildPhase;
			buildActionMask = 2147483647;
			files = (
			);
			runOnlyForDeploymentPostprocessing = 0;
		};
/* End PBXResourcesBuildPhase section */

/* Begin PBXSourcesBuildPhase section */
		A8A76FE01FDFAF3700CD1A89 /* Sources */ = {
			isa = PBXSourcesBuildPhase;
			buildActionMask = 2147483647;
			files = (
				A8A76FEA1FDFAF3700CD1A89 /* ViewController.swift in Sources */,
				A8A76FE81FDFAF3700CD1A89 /* AppDelegate.swift in Sources */,
			);
			runOnlyForDeploymentPostprocessing = 0;
		};
		A8A76FF41FDFAF3800CD1A89 /* Sources */ = {
			isa = PBXSourcesBuildPhase;
			buildActionMask = 2147483647;
			files = (
				A8A76FFD1FDFAF3800CD1A89 /* MyAppTests.swift in Sources */,
			);
			runOnlyForDeploymentPostprocessing = 0;
		};
		A8A76FFF1FDFAF3800CD1A89 /* Sources */ = {
			isa = PBXSourcesBuildPhase;
			buildActionMask = 2147483647;
			files = (
				A8A770081FDFAF3800CD1A89 /* MyAppUITests.swift in Sources */,
			);
			runOnlyForDeploymentPostprocessing = 0;
		};
/* End PBXSourcesBuildPhase section */

/* Begin PBXTargetDependency section */
		A8A76FFA1FDFAF3800CD1A89 /* PBXTargetDependency */ = {
			isa = PBXTargetDependency;
			target = A8A76FE31FDFAF3700CD1A89 /* MyApp */;
			targetProxy = A8A76FF91FDFAF3800CD1A89 /* PBXContainerItemProxy */;
		};
		A8A770051FDFAF3800CD1A89 /* PBXTargetDependency */ = {
			isa = PBXTargetDependency;
			target = A8A76FE31FDFAF3700CD1A89 /* MyApp */;
			targetProxy = A8A770041FDFAF3800CD1A89 /* PBXContainerItemProxy */;
		};
/* End PBXTargetDependency section */

/* Begin PBXVariantGroup section */
		A8A76FEB1FDFAF3700CD1A89 /* Main.storyboard */ = {
			isa = PBXVariantGroup;
			children = (
				A8A76FEC1FDFAF3700CD1A89 /* Base */,
			);
			name = Main.storyboard;
			sourceTree = "<group>";
		};
		A8A76FF01FDFAF3800CD1A89 /* LaunchScreen.storyboard */ = {
			isa = PBXVariantGroup;
			children = (
				A8A76FF11FDFAF3800CD1A89 /* Base */,
			);
			name = LaunchScreen.storyboard;
			sourceTree = "<group>";
		};
/* End PBXVariantGroup section */

/* Begin XCBuildConfiguration section */
		A8A7700A1FDFAF3800CD1A89 /* Debug */ = {
			isa = XCBuildConfiguration;
			buildSettings = {
				ALWAYS_SEARCH_USER_PATHS = NO;
				CLANG_ANALYZER_NONNULL = YES;
				CLANG_ANALYZER_NUMBER_OBJECT_CONVERSION = YES_AGGRESSIVE;
				CLANG_CXX_LANGUAGE_STANDARD = "gnu++14";
				CLANG_CXX_LIBRARY = "libc++";
				CLANG_ENABLE_MODULES = YES;
				CLANG_ENABLE_OBJC_ARC = YES;
				CLANG_WARN_BLOCK_CAPTURE_AUTORELEASING = YES;
				CLANG_WARN_BOOL_CONVERSION = YES;
				CLANG_WARN_COMMA = YES;
				CLANG_WARN_CONSTANT_CONVERSION = YES;
				CLANG_WARN_DIRECT_OBJC_ISA_USAGE = YES_ERROR;
				CLANG_WARN_DOCUMENTATION_COMMENTS = YES;
				CLANG_WARN_EMPTY_BODY = YES;
				CLANG_WARN_ENUM_CONVERSION = YES;
				CLANG_WARN_INFINITE_RECURSION = YES;
				CLANG_WARN_INT_CONVERSION = YES;
				CLANG_WARN_NON_LITERAL_NULL_CONVERSION = YES;
				CLANG_WARN_OBJC_LITERAL_CONVERSION = YES;
				CLANG_WARN_OBJC_ROOT_CLASS = YES_ERROR;
				CLANG_WARN_RANGE_LOOP_ANALYSIS = YES;
				CLANG_WARN_STRICT_PROTOTYPES = YES;
				CLANG_WARN_SUSPICIOUS_MOVE = YES;
				CLANG_WARN_UNGUARDED_AVAILABILITY = YES_AGGRESSIVE;
				CLANG_WARN_UNREACHABLE_CODE = YES;
				CLANG_WARN__DUPLICATE_METHOD_MATCH = YES;
				CODE_SIGN_IDENTITY = "iPhone Developer";
				COPY_PHASE_STRIP = NO;
				DEBUG_INFORMATION_FORMAT = dwarf;
				ENABLE_STRICT_OBJC_MSGSEND = YES;
				ENABLE_TESTABILITY = YES;
				GCC_C_LANGUAGE_STANDARD = gnu11;
				GCC_DYNAMIC_NO_PIC = NO;
				GCC_NO_COMMON_BLOCKS = YES;
				GCC_OPTIMIZATION_LEVEL = 0;
				GCC_PREPROCESSOR_DEFINITIONS = (
					"DEBUG=1",
					"$(inherited)",
				);
				GCC_WARN_64_TO_32_BIT_CONVERSION = YES;
				GCC_WARN_ABOUT_RETURN_TYPE = YES_ERROR;
				GCC_WARN_UNDECLARED_SELECTOR = YES;
				GCC_WARN_UNINITIALIZED_AUTOS = YES_AGGRESSIVE;
				GCC_WARN_UNUSED_FUNCTION = YES;
				GCC_WARN_UNUSED_VARIABLE = YES;
				IPHONEOS_DEPLOYMENT_TARGET = 11.1;
				MTL_ENABLE_DEBUG_INFO = YES;
				ONLY_ACTIVE_ARCH = YES;
				SDKROOT = iphoneos;
				SWIFT_ACTIVE_COMPILATION_CONDITIONS = DEBUG;
				SWIFT_OPTIMIZATION_LEVEL = "-Onone";
			};
			name = Debug;
		};
		A8A7700B1FDFAF3800CD1A89 /* Release */ = {
			isa = XCBuildConfiguration;
			buildSettings = {
				ALWAYS_SEARCH_USER_PATHS = NO;
				CLANG_ANALYZER_NONNULL = YES;
				CLANG_ANALYZER_NUMBER_OBJECT_CONVERSION = YES_AGGRESSIVE;
				CLANG_CXX_LANGUAGE_STANDARD = "gnu++14";
				CLANG_CXX_LIBRARY = "libc++";
				CLANG_ENABLE_MODULES = YES;
				CLANG_ENABLE_OBJC_ARC = YES;
				CLANG_WARN_BLOCK_CAPTURE_AUTORELEASING = YES;
				CLANG_WARN_BOOL_CONVERSION = YES;
				CLANG_WARN_COMMA = YES;
				CLANG_WARN_CONSTANT_CONVERSION = YES;
				CLANG_WARN_DIRECT_OBJC_ISA_USAGE = YES_ERROR;
				CLANG_WARN_DOCUMENTATION_COMMENTS = YES;
				CLANG_WARN_EMPTY_BODY = YES;
				CLANG_WARN_ENUM_CONVERSION = YES;
				CLANG_WARN_INFINITE_RECURSION = YES;
				CLANG_WARN_INT_CONVERSION = YES;
				CLANG_WARN_NON_LITERAL_NULL_CONVERSION = YES;
				CLANG_WARN_OBJC_LITERAL_CONVERSION = YES;
				CLANG_WARN_OBJC_ROOT_CLASS = YES_ERROR;
				CLANG_WARN_RANGE_LOOP_ANALYSIS = YES;
				CLANG_WARN_STRICT_PROTOTYPES = YES;
				CLANG_WARN_SUSPICIOUS_MOVE = YES;
				CLANG_WARN_UNGUARDED_AVAILABILITY = YES_AGGRESSIVE;
				CLANG_WARN_UNREACHABLE_CODE = YES;
				CLANG_WARN__DUPLICATE_METHOD_MATCH = YES;
				CODE_SIGN_IDENTITY = "iPhone Developer";
				COPY_PHASE_STRIP = NO;
				DEBUG_INFORMATION_FORMAT = "dwarf-with-dsym";
				ENABLE_NS_ASSERTIONS = NO;
				ENABLE_STRICT_OBJC_MSGSEND = YES;
				GCC_C_LANGUAGE_STANDARD = gnu11;
				GCC_NO_COMMON_BLOCKS = YES;
				GCC_WARN_64_TO_32_BIT_CONVERSION = YES;
				GCC_WARN_ABOUT_RETURN_TYPE = YES_ERROR;
				GCC_WARN_UNDECLARED_SELECTOR = YES;
				GCC_WARN_UNINITIALIZED_AUTOS = YES_AGGRESSIVE;
				GCC_WARN_UNUSED_FUNCTION = YES;
				GCC_WARN_UNUSED_VARIABLE = YES;
				IPHONEOS_DEPLOYMENT_TARGET = 11.1;
				MTL_ENABLE_DEBUG_INFO = NO;
				SDKROOT = iphoneos;
				SWIFT_OPTIMIZATION_LEVEL = "-Owholemodule";
				VALIDATE_PRODUCT = YES;
			};
			name = Release;
		};
		A8A7700D1FDFAF3800CD1A89 /* Debug */ = {
			isa = XCBuildConfiguration;
			buildSettings = {
				ASSETCATALOG_COMPILER_APPICON_NAME = AppIcon;
				CODE_SIGN_STYLE = Automatic;
				DEVELOPMENT_TEAM = 3DKZWJ5854;
				INFOPLIST_FILE = MyApp/Info.plist;
				LD_RUNPATH_SEARCH_PATHS = "$(inherited) @executable_path/Frameworks";
				PRODUCT_BUNDLE_IDENTIFIER = com.matt.deuschle.MyApp;
				PRODUCT_NAME = "$(TARGET_NAME)";
				SWIFT_VERSION = 4.0;
				TARGETED_DEVICE_FAMILY = "1,2";
			};
			name = Debug;
		};
		A8A7700E1FDFAF3800CD1A89 /* Release */ = {
			isa = XCBuildConfiguration;
			buildSettings = {
				ASSETCATALOG_COMPILER_APPICON_NAME = AppIcon;
				CODE_SIGN_STYLE = Automatic;
				DEVELOPMENT_TEAM = 3DKZWJ5854;
				INFOPLIST_FILE = MyApp/Info.plist;
				LD_RUNPATH_SEARCH_PATHS = "$(inherited) @executable_path/Frameworks";
				PRODUCT_BUNDLE_IDENTIFIER = com.matt.deuschle.MyApp;
				PRODUCT_NAME = "$(TARGET_NAME)";
				SWIFT_VERSION = 4.0;
				TARGETED_DEVICE_FAMILY = "1,2";
			};
			name = Release;
		};
		A8A770101FDFAF3800CD1A89 /* Debug */ = {
			isa = XCBuildConfiguration;
			buildSettings = {
				ALWAYS_EMBED_SWIFT_STANDARD_LIBRARIES = YES;
				BUNDLE_LOADER = "$(TEST_HOST)";
				CODE_SIGN_STYLE = Automatic;
				DEVELOPMENT_TEAM = 3DKZWJ5854;
				INFOPLIST_FILE = MyAppTests/Info.plist;
				LD_RUNPATH_SEARCH_PATHS = "$(inherited) @executable_path/Frameworks @loader_path/Frameworks";
				PRODUCT_BUNDLE_IDENTIFIER = com.matt.deuschle.MyAppTests;
				PRODUCT_NAME = "$(TARGET_NAME)";
				SWIFT_VERSION = 4.0;
				TARGETED_DEVICE_FAMILY = "1,2";
				TEST_HOST = "$(BUILT_PRODUCTS_DIR)/MyApp.app/MyApp";
			};
			name = Debug;
		};
		A8A770111FDFAF3800CD1A89 /* Release */ = {
			isa = XCBuildConfiguration;
			buildSettings = {
				ALWAYS_EMBED_SWIFT_STANDARD_LIBRARIES = YES;
				BUNDLE_LOADER = "$(TEST_HOST)";
				CODE_SIGN_STYLE = Automatic;
				DEVELOPMENT_TEAM = 3DKZWJ5854;
				INFOPLIST_FILE = MyAppTests/Info.plist;
				LD_RUNPATH_SEARCH_PATHS = "$(inherited) @executable_path/Frameworks @loader_path/Frameworks";
				PRODUCT_BUNDLE_IDENTIFIER = com.matt.deuschle.MyAppTests;
				PRODUCT_NAME = "$(TARGET_NAME)";
				SWIFT_VERSION = 4.0;
				TARGETED_DEVICE_FAMILY = "1,2";
				TEST_HOST = "$(BUILT_PRODUCTS_DIR)/MyApp.app/MyApp";
			};
			name = Release;
		};
		A8A770131FDFAF3800CD1A89 /* Debug */ = {
			isa = XCBuildConfiguration;
			buildSettings = {
				ALWAYS_EMBED_SWIFT_STANDARD_LIBRARIES = YES;
				CODE_SIGN_STYLE = Automatic;
				DEVELOPMENT_TEAM = 3DKZWJ5854;
				INFOPLIST_FILE = MyAppUITests/Info.plist;
				LD_RUNPATH_SEARCH_PATHS = "$(inherited) @executable_path/Frameworks @loader_path/Frameworks";
				PRODUCT_BUNDLE_IDENTIFIER = com.matt.deuschle.MyAppUITests;
				PRODUCT_NAME = "$(TARGET_NAME)";
				SWIFT_VERSION = 4.0;
				TARGETED_DEVICE_FAMILY = "1,2";
				TEST_TARGET_NAME = MyApp;
			};
			name = Debug;
		};
		A8A770141FDFAF3800CD1A89 /* Release */ = {
			isa = XCBuildConfiguration;
			buildSettings = {
				ALWAYS_EMBED_SWIFT_STANDARD_LIBRARIES = YES;
				CODE_SIGN_STYLE = Automatic;
				DEVELOPMENT_TEAM = 3DKZWJ5854;
				INFOPLIST_FILE = MyAppUITests/Info.plist;
				LD_RUNPATH_SEARCH_PATHS = "$(inherited) @executable_path/Frameworks @loader_path/Frameworks";
				PRODUCT_BUNDLE_IDENTIFIER = com.matt.deuschle.MyAppUITests;
				PRODUCT_NAME = "$(TARGET_NAME)";
				SWIFT_VERSION = 4.0;
				TARGETED_DEVICE_FAMILY = "1,2";
				TEST_TARGET_NAME = MyApp;
			};
			name = Release;
		};
/* End XCBuildConfiguration section */

/* Begin XCConfigurationList section */
		A8A76FDF1FDFAF3700CD1A89 /* Build configuration list for PBXProject "MyApp" */ = {
			isa = XCConfigurationList;
			buildConfigurations = (
				A8A7700A1FDFAF3800CD1A89 /* Debug */,
				A8A7700B1FDFAF3800CD1A89 /* Release */,
			);
			defaultConfigurationIsVisible = 0;
			defaultConfigurationName = Release;
		};
		A8A7700C1FDFAF3800CD1A89 /* Build configuration list for PBXNativeTarget "MyApp" */ = {
			isa = XCConfigurationList;
			buildConfigurations = (
				A8A7700D1FDFAF3800CD1A89 /* Debug */,
				A8A7700E1FDFAF3800CD1A89 /* Release */,
			);
			defaultConfigurationIsVisible = 0;
			defaultConfigurationName = Release;
		};
		A8A7700F1FDFAF3800CD1A89 /* Build configuration list for PBXNativeTarget "MyAppTests" */ = {
			isa = XCConfigurationList;
			buildConfigurations = (
				A8A770101FDFAF3800CD1A89 /* Debug */,
				A8A770111FDFAF3800CD1A89 /* Release */,
			);
			defaultConfigurationIsVisible = 0;
			defaultConfigurationName = Release;
		};
		A8A770121FDFAF3800CD1A89 /* Build configuration list for PBXNativeTarget "MyAppUITests" */ = {
			isa = XCConfigurationList;
			buildConfigurations = (
				A8A770131FDFAF3800CD1A89 /* Debug */,
				A8A770141FDFAF3800CD1A89 /* Release */,
			);
			defaultConfigurationIsVisible = 0;
			defaultConfigurationName = Release;
		};
/* End XCConfigurationList section */
	};
	rootObject = A8A76FDC1FDFAF3700CD1A89 /* Project object */;
}
